
Microsoft Visual Studio Solution File, Format Version 12.00
# Visual Studio 15
Project("{FAE04EC0-301F-11D3-BF4B-00C04F79EFBC}") = "TipCalc", "TipCalc\TipCalc.csproj", "{F2128E6F-E661-46C4-8991-4DFAB1A78662}"
EndProject
Project("{FAE04EC0-301F-11D3-BF4B-00C04F79EFBC}") = "TipCalc.Droid", "Droid\TipCalc.Droid.csproj", "{A65057A7-7FB4-459E-A532-51D7EB0E2D78}"
EndProject
Project("{FAE04EC0-301F-11D3-BF4B-00C04F79EFBC}") = "TipCalc.iOS", "iOS\TipCalc.iOS.csproj", "{C2452329-F32A-4F56-A33C-631FDEFAB7D5}"
EndProject
Global
	GlobalSection(SolutionConfigurationPlatforms) = preSolution
		Debug|Any CPU = Debug|Any CPU
		Release|Any CPU = Release|Any CPU
		Debug|iPhoneSimulator = Debug|iPhoneSimulator
		Release|iPhone = Release|iPhone
		Release|iPhoneSimulator = Release|iPhoneSimulator
		Debug|iPhone = Debug|iPhone
	EndGlobalSection
	GlobalSection(ProjectConfigurationPlatforms) = postSolution
		{F2128E6F-E661-46C4-8991-4DFAB1A78662}.Debug|Any CPU.ActiveCfg = Debug|Any CPU
		{F2128E6F-E661-46C4-8991-4DFAB1A78662}.Debug|Any CPU.Build.0 = Debug|Any CPU
		{F2128E6F-E661-46C4-8991-4DFAB1A78662}.Release|Any CPU.ActiveCfg = Release|Any CPU
		{F2128E6F-E661-46C4-8991-4DFAB1A78662}.Release|Any CPU.Build.0 = Release|Any CPU
		{F2128E6F-E661-46C4-8991-4DFAB1A78662}.Debug|iPhoneSimulator.ActiveCfg = Debug|Any CPU
		{F2128E6F-E661-46C4-8991-4DFAB1A78662}.Debug|iPhoneSimulator.Build.0 = Debug|Any CPU
		{F2128E6F-E661-46C4-8991-4DFAB1A78662}.Release|iPhone.ActiveCfg = Release|Any CPU
		{F2128E6F-E661-46C4-8991-4DFAB1A78662}.Release|iPhone.Build.0 = Release|Any CPU
		{F2128E6F-E661-46C4-8991-4DFAB1A78662}.Release|iPhoneSimulator.ActiveCfg = Release|Any CPU
		{F2128E6F-E661-46C4-8991-4DFAB1A78662}.Release|iPhoneSimulator.Build.0 = Release|Any CPU
		{F2128E6F-E661-46C4-8991-4DFAB1A78662}.Debug|iPhone.ActiveCfg = Debug|Any CPU
		{F2128E6F-E661-46C4-8991-4DFAB1A78662}.Debug|iPhone.Build.0 = Debug|Any CPU
		{A65057A7-7FB4-459E-A532-51D7EB0E2D78}.Debug|Any CPU.ActiveCfg = Debug|Any CPU
		{A65057A7-7FB4-459E-A532-51D7EB0E2D78}.Debug|Any CPU.Build.0 = Debug|Any CPU
		{A65057A7-7FB4-459E-A532-51D7EB0E2D78}.Release|Any CPU.ActiveCfg = Release|Any CPU
		{A65057A7-7FB4-459E-A532-51D7EB0E2D78}.Release|Any CPU.Build.0 = Release|Any CPU
		{A65057A7-7FB4-459E-A532-51D7EB0E2D78}.Debug|iPhoneSimulator.ActiveCfg = Debug|Any CPU
		{A65057A7-7FB4-459E-A532-51D7EB0E2D78}.Debug|iPhoneSimulator.Build.0 = Debug|Any CPU
		{A65057A7-7FB4-459E-A532-51D7EB0E2D78}.Release|iPhone.ActiveCfg = Release|Any CPU
		{A65057A7-7FB4-459E-A532-51D7EB0E2D78}.Release|iPhone.Build.0 = Release|Any CPU
		{A65057A7-7FB4-459E-A532-51D7EB0E2D78}.Release|iPhoneSimulator.ActiveCfg = Release|Any CPU
		{A65057A7-7FB4-459E-A532-51D7EB0E2D78}.Release|iPhoneSimulator.Build.0 = Release|Any CPU
		{A65057A7-7FB4-459E-A532-51D7EB0E2D78}.Debug|iPhone.ActiveCfg = Debug|Any CPU
		{A65057A7-7FB4-459E-A532-51D7EB0E2D78}.Debug|iPhone.Build.0 = Debug|Any CPU
		{C2452329-F32A-4F56-A33C-631FDEFAB7D5}.Debug|Any CPU.ActiveCfg = Debug|iPhoneSimulator
		{C2452329-F32A-4F56-A33C-631FDEFAB7D5}.Debug|Any CPU.Build.0 = Debug|iPhoneSimulator
		{C2452329-F32A-4F56-A33C-631FDEFAB7D5}.Release|Any CPU.ActiveCfg = Release|iPhone
		{C2452329-F32A-4F56-A33C-631FDEFAB7D5}.Release|Any CPU.Build.0 = Release|iPhone
		{C2452329-F32A-4F56-A33C-631FDEFAB7D5}.Debug|iPhoneSimulator.ActiveCfg = Debug|iPhoneSimulator
		{C2452329-F32A-4F56-A33C-631FDEFAB7D5}.Debug|iPhoneSimulator.Build.0 = Debug|iPhoneSimulator
		{C2452329-F32A-4F56-A33C-631FDEFAB7D5}.Release|iPhone.ActiveCfg = Release|iPhone
		{C2452329-F32A-4F56-A33C-631FDEFAB7D5}.Release|iPhone.Build.0 = Release|iPhone
		{C2452329-F32A-4F56-A33C-631FDEFAB7D5}.Release|iPhoneSimulator.ActiveCfg = Release|iPhoneSimulator
		{C2452329-F32A-4F56-A33C-631FDEFAB7D5}.Release|iPhoneSimulator.Build.0 = Release|iPhoneSimulator
		{C2452329-F32A-4F56-A33C-631FDEFAB7D5}.Debug|iPhone.ActiveCfg = Debug|iPhone
		{C2452329-F32A-4F56-A33C-631FDEFAB7D5}.Debug|iPhone.Build.0 = Debug|iPhone
	EndGlobalSection
EndGlobal
